{
  "name": "samgen",
  "version": "0.0.1",
  "lockfileVersion": 2,
  "requires": true,
  "packages": {
    "": {
      "name": "samgen",
      "version": "0.0.1",
      "license": "MIT",
      "dependencies": {
        "reflect-metadata": "^0.1.13"
      },
      "devDependencies": {
        "@types/aws-lambda": "^8.10.72",
        "typescript": "^4.5.2"
      },
      "engines": {
        "node": ">=14"
      }
    },
    "node_modules/@types/aws-lambda": {
      "version": "8.10.85",
      "dev": true,
      "license": "MIT"
    },
    "node_modules/reflect-metadata": {
      "version": "0.1.13",
      "license": "Apache-2.0"
    },
    "node_modules/typescript": {
      "version": "4.5.2",
      "dev": true,
      "license": "Apache-2.0",
      "bin": {
        "tsc": "bin/tsc",
        "tsserver": "bin/tsserver"
      },
      "engines": {
        "node": ">=4.2.0"
      }
    }
  },
  "dependencies": {
    "@types/aws-lambda": {
      "version": "8.10.85",
      "dev": true
    },
    "reflect-metadata": {
      "version": "0.1.13"
    },
    "typescript": {
      "version": "4.5.2",
      "dev": true
    }
  }
}
